dependencies:
- name: rabbitmq
  repository: https://charts.bitnami.com/bitnami
  version: 15.0.7
- name: cluster
  repository: https://nw-tech.github.io/public_charts/
  version: 0.3.8
- name: celery-flower
  repository: https://nw-tech.github.io/public_charts/
  version: 0.1.5
digest: sha256:294968cd2e332a3ffcafd8dfce6d17ba23c41f2d4c5c7ad5c0903a33507b1c64
generated: "2026-04-30T11:48:36.686058+02:00"
