dependencies:
- name: rabbitmq
  repository: https://charts.bitnami.com/bitnami
  version: 15.0.7
- name: cluster
  repository: https://nw-tech.github.io/public_charts/
  version: 0.3.7
- name: celery-flower
  repository: https://nw-tech.github.io/public_charts/
  version: 0.1.5
digest: sha256:6f99846c6126a6d7cb50b689b70e3423b9420dbbf27d8eca625aa2938949928e
generated: "2026-04-29T10:20:54.607958+02:00"
